# THIS IS AN AUTOGENERATED FILE. DO NOT EDIT THIS FILE DIRECTLY.
# yarn lockfile v1


"@slapdash/command-response-types@^1.0.5":
  version "1.0.5"
  resolved "http://npm-registry.duowan.com/@slapdash/command-response-types/download/@slapdash/command-response-types-1.0.5.tgz#384f64a7bdde374fe23795429c32b666fad2b1db"
  integrity sha512-fAEpEwdd8QaCa4wcT3U9FZhNqLwLdpC5xlu86O39Llk78ReJvGWzs+3D0kBT00BPXWL/xCf0JAoAnabrOU8Qwg==
